// !$*UTF8*$!
{
	archiveVersion = 1;
	classes = {
	};
	objectVersion = 50;
	objects = {

/* Begin PBXBuildFile section */
		7C97BB8726B31D91002C9F49 /* LoginViewModel.swift in Sources */ = {isa = PBXBuildFile; fileRef = 7C97BB8626B31D91002C9F49 /* LoginViewModel.swift */; };
		7CD3674A26B18743007DDCE6 /* UserTests.swift in Sources */ = {isa = PBXBuildFile; fileRef = 7CD3674926B18743007DDCE6 /* UserTests.swift */; };
		7CD3675426B27E11007DDCE6 /* DatabaseHandler.swift in Sources */ = {isa = PBXBuildFile; fileRef = 7CD3675326B27E11007DDCE6 /* DatabaseHandler.swift */; };
		7CD3675D26B2B266007DDCE6 /* CarTrackDB.sqlite in Resources */ = {isa = PBXBuildFile; fileRef = 7CD3675C26B2B266007DDCE6 /* CarTrackDB.sqlite */; };
		7CF54D9526B07130006DB339 /* AppDelegate.swift in Sources */ = {isa = PBXBuildFile; fileRef = 7CF54D9426B07130006DB339 /* AppDelegate.swift */; };
		7CF54D9726B07130006DB339 /* SceneDelegate.swift in Sources */ = {isa = PBXBuildFile; fileRef = 7CF54D9626B07130006DB339 /* SceneDelegate.swift */; };
		7CF54D9926B07130006DB339 /* LoginViewController.swift in Sources */ = {isa = PBXBuildFile; fileRef = 7CF54D9826B07130006DB339 /* LoginViewController.swift */; };
		7CF54D9C26B07130006DB339 /* Main.storyboard in Resources */ = {isa = PBXBuildFile; fileRef = 7CF54D9A26B07130006DB339 /* Main.storyboard */; };
		7CF54D9E26B07133006DB339 /* Assets.xcassets in Resources */ = {isa = PBXBuildFile; fileRef = 7CF54D9D26B07133006DB339 /* Assets.xcassets */; };
		7CF54DA126B07133006DB339 /* LaunchScreen.storyboard in Resources */ = {isa = PBXBuildFile; fileRef = 7CF54D9F26B07133006DB339 /* LaunchScreen.storyboard */; };
		7CF54DAC26B07134006DB339 /* CartrackTests.swift in Sources */ = {isa = PBXBuildFile; fileRef = 7CF54DAB26B07134006DB339 /* CartrackTests.swift */; };
		7CF54DB726B07134006DB339 /* CartrackUITests.swift in Sources */ = {isa = PBXBuildFile; fileRef = 7CF54DB626B07134006DB339 /* CartrackUITests.swift */; };
		7CF54DCC26B07238006DB339 /* NetworkErrors.swift in Sources */ = {isa = PBXBuildFile; fileRef = 7CF54DC926B07238006DB339 /* NetworkErrors.swift */; };
		7CF54DCD26B07238006DB339 /* NetworkSession.swift in Sources */ = {isa = PBXBuildFile; fileRef = 7CF54DCA26B07238006DB339 /* NetworkSession.swift */; };
		7CF54DCE26B07238006DB339 /* Request.swift in Sources */ = {isa = PBXBuildFile; fileRef = 7CF54DCB26B07238006DB339 /* Request.swift */; };
		7CF54DD326B075FF006DB339 /* RequestBuilder.swift in Sources */ = {isa = PBXBuildFile; fileRef = 7CF54DD226B075FF006DB339 /* RequestBuilder.swift */; };
		7CF54DD826B08153006DB339 /* Parsing.swift in Sources */ = {isa = PBXBuildFile; fileRef = 7CF54DD726B08153006DB339 /* Parsing.swift */; };
		7CF54DDE26B12573006DB339 /* UsersListRequest.swift in Sources */ = {isa = PBXBuildFile; fileRef = 7CF54DDD26B12573006DB339 /* UsersListRequest.swift */; };
		7CF54DE426B12618006DB339 /* User.swift in Sources */ = {isa = PBXBuildFile; fileRef = 7CF54DE326B12618006DB339 /* User.swift */; };
		7CF54DE926B128F4006DB339 /* UsersListWebService.swift in Sources */ = {isa = PBXBuildFile; fileRef = 7CF54DE826B128F4006DB339 /* UsersListWebService.swift */; };
		7CFDC59C26B132E00059989A /* NetworkSessionMock.swift in Sources */ = {isa = PBXBuildFile; fileRef = 7CFDC59B26B132E00059989A /* NetworkSessionMock.swift */; };
		7CFDC5A926B149D20059989A /* UsersListRequestTests.swift in Sources */ = {isa = PBXBuildFile; fileRef = 7CFDC5A826B149D20059989A /* UsersListRequestTests.swift */; };
/* End PBXBuildFile section */

/* Begin PBXContainerItemProxy section */
		7CF54DA826B07134006DB339 /* PBXContainerItemProxy */ = {
			isa = PBXContainerItemProxy;
			containerPortal = 7CF54D8926B07130006DB339 /* Project object */;
			proxyType = 1;
			remoteGlobalIDString = 7CF54D9026B07130006DB339;
			remoteInfo = Cartrack;
		};
		7CF54DB326B07134006DB339 /* PBXContainerItemProxy */ = {
			isa = PBXContainerItemProxy;
			containerPortal = 7CF54D8926B07130006DB339 /* Project object */;
			proxyType = 1;
			remoteGlobalIDString = 7CF54D9026B07130006DB339;
			remoteInfo = Cartrack;
		};
/* End PBXContainerItemProxy section */

/* Begin PBXFileReference section */
		7C97BB8626B31D91002C9F49 /* LoginViewModel.swift */ = {isa = PBXFileReference; lastKnownFileType = sourcecode.swift; path = LoginViewModel.swift; sourceTree = "<group>"; };
		7CD3674926B18743007DDCE6 /* UserTests.swift */ = {isa = PBXFileReference; lastKnownFileType = sourcecode.swift; path = UserTests.swift; sourceTree = "<group>"; };
		7CD3675326B27E11007DDCE6 /* DatabaseHandler.swift */ = {isa = PBXFileReference; lastKnownFileType = sourcecode.swift; path = DatabaseHandler.swift; sourceTree = "<group>"; };
		7CD3675C26B2B266007DDCE6 /* CarTrackDB.sqlite */ = {isa = PBXFileReference; lastKnownFileType = file; path = CarTrackDB.sqlite; sourceTree = "<group>"; };
		7CF54D9126B07130006DB339 /* Cartrack.app */ = {isa = PBXFileReference; explicitFileType = wrapper.application; includeInIndex = 0; path = Cartrack.app; sourceTree = BUILT_PRODUCTS_DIR; };
		7CF54D9426B07130006DB339 /* AppDelegate.swift */ = {isa = PBXFileReference; lastKnownFileType = sourcecode.swift; path = AppDelegate.swift; sourceTree = "<group>"; };
		7CF54D9626B07130006DB339 /* SceneDelegate.swift */ = {isa = PBXFileReference; lastKnownFileType = sourcecode.swift; path = SceneDelegate.swift; sourceTree = "<group>"; };
		7CF54D9826B07130006DB339 /* LoginViewController.swift */ = {isa = PBXFileReference; lastKnownFileType = sourcecode.swift; path = LoginViewController.swift; sourceTree = "<group>"; };
		7CF54D9B26B07130006DB339 /* Base */ = {isa = PBXFileReference; lastKnownFileType = file.storyboard; name = Base; path = Base.lproj/Main.storyboard; sourceTree = "<group>"; };
		7CF54D9D26B07133006DB339 /* Assets.xcassets */ = {isa = PBXFileReference; lastKnownFileType = folder.assetcatalog; path = Assets.xcassets; sourceTree = "<group>"; };
		7CF54DA026B07133006DB339 /* Base */ = {isa = PBXFileReference; lastKnownFileType = file.storyboard; name = Base; path = Base.lproj/LaunchScreen.storyboard; sourceTree = "<group>"; };
		7CF54DA226B07133006DB339 /* Info.plist */ = {isa = PBXFileReference; lastKnownFileType = text.plist.xml; path = Info.plist; sourceTree = "<group>"; };
		7CF54DA726B07134006DB339 /* CartrackTests.xctest */ = {isa = PBXFileReference; explicitFileType = wrapper.cfbundle; includeInIndex = 0; path = CartrackTests.xctest; sourceTree = BUILT_PRODUCTS_DIR; };
		7CF54DAB26B07134006DB339 /* CartrackTests.swift */ = {isa = PBXFileReference; lastKnownFileType = sourcecode.swift; path = CartrackTests.swift; sourceTree = "<group>"; };
		7CF54DAD26B07134006DB339 /* Info.plist */ = {isa = PBXFileReference; lastKnownFileType = text.plist.xml; path = Info.plist; sourceTree = "<group>"; };
		7CF54DB226B07134006DB339 /* CartrackUITests.xctest */ = {isa = PBXFileReference; explicitFileType = wrapper.cfbundle; includeInIndex = 0; path = CartrackUITests.xctest; sourceTree = BUILT_PRODUCTS_DIR; };
		7CF54DB626B07134006DB339 /* CartrackUITests.swift */ = {isa = PBXFileReference; lastKnownFileType = sourcecode.swift; path = CartrackUITests.swift; sourceTree = "<group>"; };
		7CF54DB826B07134006DB339 /* Info.plist */ = {isa = PBXFileReference; lastKnownFileType = text.plist.xml; path = Info.plist; sourceTree = "<group>"; };
		7CF54DC926B07238006DB339 /* NetworkErrors.swift */ = {isa = PBXFileReference; fileEncoding = 4; lastKnownFileType = sourcecode.swift; path = NetworkErrors.swift; sourceTree = "<group>"; };
		7CF54DCA26B07238006DB339 /* NetworkSession.swift */ = {isa = PBXFileReference; fileEncoding = 4; lastKnownFileType = sourcecode.swift; path = NetworkSession.swift; sourceTree = "<group>"; };
		7CF54DCB26B07238006DB339 /* Request.swift */ = {isa = PBXFileReference; fileEncoding = 4; lastKnownFileType = sourcecode.swift; path = Request.swift; sourceTree = "<group>"; };
		7CF54DD226B075FF006DB339 /* RequestBuilder.swift */ = {isa = PBXFileReference; lastKnownFileType = sourcecode.swift; path = RequestBuilder.swift; sourceTree = "<group>"; };
		7CF54DD726B08153006DB339 /* Parsing.swift */ = {isa = PBXFileReference; lastKnownFileType = sourcecode.swift; path = Parsing.swift; sourceTree = "<group>"; };
		7CF54DDD26B12573006DB339 /* UsersListRequest.swift */ = {isa = PBXFileReference; lastKnownFileType = sourcecode.swift; path = UsersListRequest.swift; sourceTree = "<group>"; };
		7CF54DE326B12618006DB339 /* User.swift */ = {isa = PBXFileReference; lastKnownFileType = sourcecode.swift; path = User.swift; sourceTree = "<group>"; };
		7CF54DE826B128F4006DB339 /* UsersListWebService.swift */ = {isa = PBXFileReference; lastKnownFileType = sourcecode.swift; path = UsersListWebService.swift; sourceTree = "<group>"; };
		7CFDC59B26B132E00059989A /* NetworkSessionMock.swift */ = {isa = PBXFileReference; lastKnownFileType = sourcecode.swift; path = NetworkSessionMock.swift; sourceTree = "<group>"; };
		7CFDC5A826B149D20059989A /* UsersListRequestTests.swift */ = {isa = PBXFileReference; lastKnownFileType = sourcecode.swift; path = UsersListRequestTests.swift; sourceTree = "<group>"; };
/* End PBXFileReference section */

/* Begin PBXFrameworksBuildPhase section */
		7CF54D8E26B07130006DB339 /* Frameworks */ = {
			isa = PBXFrameworksBuildPhase;
			buildActionMask = 2147483647;
			files = (
			);
			runOnlyForDeploymentPostprocessing = 0;
		};
		7CF54DA426B07134006DB339 /* Frameworks */ = {
			isa = PBXFrameworksBuildPhase;
			buildActionMask = 2147483647;
			files = (
			);
			runOnlyForDeploymentPostprocessing = 0;
		};
		7CF54DAF26B07134006DB339 /* Frameworks */ = {
			isa = PBXFrameworksBuildPhase;
			buildActionMask = 2147483647;
			files = (
			);
			runOnlyForDeploymentPostprocessing = 0;
		};
/* End PBXFrameworksBuildPhase section */

/* Begin PBXGroup section */
		7C97BB8326B31CDF002C9F49 /* UI */ = {
			isa = PBXGroup;
			children = (
				7CF54D9826B07130006DB339 /* LoginViewController.swift */,
				7CF54D9A26B07130006DB339 /* Main.storyboard */,
			);
			path = UI;
			sourceTree = "<group>";
		};
		7C97BB8526B31D72002C9F49 /* ViewModel */ = {
			isa = PBXGroup;
			children = (
				7C97BB8626B31D91002C9F49 /* LoginViewModel.swift */,
			);
			path = ViewModel;
			sourceTree = "<group>";
		};
		7CD3674E26B27334007DDCE6 /* Database */ = {
			isa = PBXGroup;
			children = (
				7CD3675326B27E11007DDCE6 /* DatabaseHandler.swift */,
			);
			path = Database;
			sourceTree = "<group>";
		};
		7CD3675B26B2B194007DDCE6 /* Assets */ = {
			isa = PBXGroup;
			children = (
				7CD3675C26B2B266007DDCE6 /* CarTrackDB.sqlite */,
				7CF54D9D26B07133006DB339 /* Assets.xcassets */,
			);
			path = Assets;
			sourceTree = "<group>";
		};
		7CF54D8826B07130006DB339 = {
			isa = PBXGroup;
			children = (
				7CF54D9326B07130006DB339 /* Cartrack */,
				7CF54DAA26B07134006DB339 /* CartrackTests */,
				7CF54DB526B07134006DB339 /* CartrackUITests */,
				7CF54D9226B07130006DB339 /* Products */,
			);
			sourceTree = "<group>";
		};
		7CF54D9226B07130006DB339 /* Products */ = {
			isa = PBXGroup;
			children = (
				7CF54D9126B07130006DB339 /* Cartrack.app */,
				7CF54DA726B07134006DB339 /* CartrackTests.xctest */,
				7CF54DB226B07134006DB339 /* CartrackUITests.xctest */,
			);
			name = Products;
			sourceTree = "<group>";
		};
		7CF54D9326B07130006DB339 /* Cartrack */ = {
			isa = PBXGroup;
			children = (
				7C97BB8526B31D72002C9F49 /* ViewModel */,
				7C97BB8326B31CDF002C9F49 /* UI */,
				7CD3674E26B27334007DDCE6 /* Database */,
				7CF54DE226B12605006DB339 /* Model */,
				7CF54DC726B07238006DB339 /* Network */,
				7CD3675B26B2B194007DDCE6 /* Assets */,
				7CF54D9426B07130006DB339 /* AppDelegate.swift */,
				7CF54D9626B07130006DB339 /* SceneDelegate.swift */,
				7CF54D9F26B07133006DB339 /* LaunchScreen.storyboard */,
				7CF54DA226B07133006DB339 /* Info.plist */,
			);
			path = Cartrack;
			sourceTree = "<group>";
		};
		7CF54DAA26B07134006DB339 /* CartrackTests */ = {
			isa = PBXGroup;
			children = (
				7CF54DAB26B07134006DB339 /* CartrackTests.swift */,
				7CF54DAD26B07134006DB339 /* Info.plist */,
				7CFDC59B26B132E00059989A /* NetworkSessionMock.swift */,
				7CFDC5A826B149D20059989A /* UsersListRequestTests.swift */,
				7CD3674926B18743007DDCE6 /* UserTests.swift */,
			);
			path = CartrackTests;
			sourceTree = "<group>";
		};
		7CF54DB526B07134006DB339 /* CartrackUITests */ = {
			isa = PBXGroup;
			children = (
				7CF54DB626B07134006DB339 /* CartrackUITests.swift */,
				7CF54DB826B07134006DB339 /* Info.plist */,
			);
			path = CartrackUITests;
			sourceTree = "<group>";
		};
		7CF54DC726B07238006DB339 /* Network */ = {
			isa = PBXGroup;
			children = (
				7CF54DDC26B12514006DB339 /* WebService */,
				7CF54DC826B07238006DB339 /* Foundation */,
			);
			path = Network;
			sourceTree = "<group>";
		};
		7CF54DC826B07238006DB339 /* Foundation */ = {
			isa = PBXGroup;
			children = (
				7CF54DC926B07238006DB339 /* NetworkErrors.swift */,
				7CF54DCA26B07238006DB339 /* NetworkSession.swift */,
				7CF54DCB26B07238006DB339 /* Request.swift */,
				7CF54DD226B075FF006DB339 /* RequestBuilder.swift */,
				7CF54DD726B08153006DB339 /* Parsing.swift */,
			);
			path = Foundation;
			sourceTree = "<group>";
		};
		7CF54DDC26B12514006DB339 /* WebService */ = {
			isa = PBXGroup;
			children = (
				7CF54DDD26B12573006DB339 /* UsersListRequest.swift */,
				7CF54DE826B128F4006DB339 /* UsersListWebService.swift */,
			);
			path = WebService;
			sourceTree = "<group>";
		};
		7CF54DE226B12605006DB339 /* Model */ = {
			isa = PBXGroup;
			children = (
				7CF54DE326B12618006DB339 /* User.swift */,
			);
			path = Model;
			sourceTree = "<group>";
		};
/* End PBXGroup section */

/* Begin PBXNativeTarget section */
		7CF54D9026B07130006DB339 /* Cartrack */ = {
			isa = PBXNativeTarget;
			buildConfigurationList = 7CF54DBB26B07134006DB339 /* Build configuration list for PBXNativeTarget "Cartrack" */;
			buildPhases = (
				7CF54D8D26B07130006DB339 /* Sources */,
				7CF54D8E26B07130006DB339 /* Frameworks */,
				7CF54D8F26B07130006DB339 /* Resources */,
			);
			buildRules = (
			);
			dependencies = (
			);
			name = Cartrack;
			productName = Cartrack;
			productReference = 7CF54D9126B07130006DB339 /* Cartrack.app */;
			productType = "com.apple.product-type.application";
		};
		7CF54DA626B07134006DB339 /* CartrackTests */ = {
			isa = PBXNativeTarget;
			buildConfigurationList = 7CF54DBE26B07134006DB339 /* Build configuration list for PBXNativeTarget "CartrackTests" */;
			buildPhases = (
				7CF54DA326B07134006DB339 /* Sources */,
				7CF54DA426B07134006DB339 /* Frameworks */,
				7CF54DA526B07134006DB339 /* Resources */,
			);
			buildRules = (
			);
			dependencies = (
				7CF54DA926B07134006DB339 /* PBXTargetDependency */,
			);
			name = CartrackTests;
			productName = CartrackTests;
			productReference = 7CF54DA726B07134006DB339 /* CartrackTests.xctest */;
			productType = "com.apple.product-type.bundle.unit-test";
		};
		7CF54DB126B07134006DB339 /* CartrackUITests */ = {
			isa = PBXNativeTarget;
			buildConfigurationList = 7CF54DC126B07134006DB339 /* Build configuration list for PBXNativeTarget "CartrackUITests" */;
			buildPhases = (
				7CF54DAE26B07134006DB339 /* Sources */,
				7CF54DAF26B07134006DB339 /* Frameworks */,
				7CF54DB026B07134006DB339 /* Resources */,
			);
			buildRules = (
			);
			dependencies = (
				7CF54DB426B07134006DB339 /* PBXTargetDependency */,
			);
			name = CartrackUITests;
			productName = CartrackUITests;
			productReference = 7CF54DB226B07134006DB339 /* CartrackUITests.xctest */;
			productType = "com.apple.product-type.bundle.ui-testing";
		};
/* End PBXNativeTarget section */

/* Begin PBXProject section */
		7CF54D8926B07130006DB339 /* Project object */ = {
			isa = PBXProject;
			attributes = {
				LastSwiftUpdateCheck = 1240;
				LastUpgradeCheck = 1240;
				TargetAttributes = {
					7CF54D9026B07130006DB339 = {
						CreatedOnToolsVersion = 12.4;
					};
					7CF54DA626B07134006DB339 = {
						CreatedOnToolsVersion = 12.4;
						TestTargetID = 7CF54D9026B07130006DB339;
					};
					7CF54DB126B07134006DB339 = {
						CreatedOnToolsVersion = 12.4;
						TestTargetID = 7CF54D9026B07130006DB339;
					};
				};
			};
			buildConfigurationList = 7CF54D8C26B07130006DB339 /* Build configuration list for PBXProject "Cartrack" */;
			compatibilityVersion = "Xcode 9.3";
			developmentRegion = en;
			hasScannedForEncodings = 0;
			knownRegions = (
				en,
				Base,
			);
			mainGroup = 7CF54D8826B07130006DB339;
			productRefGroup = 7CF54D9226B07130006DB339 /* Products */;
			projectDirPath = "";
			projectRoot = "";
			targets = (
				7CF54D9026B07130006DB339 /* Cartrack */,
				7CF54DA626B07134006DB339 /* CartrackTests */,
				7CF54DB126B07134006DB339 /* CartrackUITests */,
			);
		};
/* End PBXProject section */

/* Begin PBXResourcesBuildPhase section */
		7CF54D8F26B07130006DB339 /* Resources */ = {
			isa = PBXResourcesBuildPhase;
			buildActionMask = 2147483647;
			files = (
				7CF54DA126B07133006DB339 /* LaunchScreen.storyboard in Resources */,
				7CF54D9E26B07133006DB339 /* Assets.xcassets in Resources */,
				7CD3675D26B2B266007DDCE6 /* CarTrackDB.sqlite in Resources */,
				7CF54D9C26B07130006DB339 /* Main.storyboard in Resources */,
			);
			runOnlyForDeploymentPostprocessing = 0;
		};
		7CF54DA526B07134006DB339 /* Resources */ = {
			isa = PBXResourcesBuildPhase;
			buildActionMask = 2147483647;
			files = (
			);
			runOnlyForDeploymentPostprocessing = 0;
		};
		7CF54DB026B07134006DB339 /* Resources */ = {
			isa = PBXResourcesBuildPhase;
			buildActionMask = 2147483647;
			files = (
			);
			runOnlyForDeploymentPostprocessing = 0;
		};
/* End PBXResourcesBuildPhase section */

/* Begin PBXSourcesBuildPhase section */
		7CF54D8D26B07130006DB339 /* Sources */ = {
			isa = PBXSourcesBuildPhase;
			buildActionMask = 2147483647;
			files = (
				7CF54DDE26B12573006DB339 /* UsersListRequest.swift in Sources */,
				7CF54DD326B075FF006DB339 /* RequestBuilder.swift in Sources */,
				7CF54D9926B07130006DB339 /* LoginViewController.swift in Sources */,
				7CD3675426B27E11007DDCE6 /* DatabaseHandler.swift in Sources */,
				7CF54DCE26B07238006DB339 /* Request.swift in Sources */,
				7CF54DCD26B07238006DB339 /* NetworkSession.swift in Sources */,
				7CF54DD826B08153006DB339 /* Parsing.swift in Sources */,
				7CF54DCC26B07238006DB339 /* NetworkErrors.swift in Sources */,
				7C97BB8726B31D91002C9F49 /* LoginViewModel.swift in Sources */,
				7CF54D9526B07130006DB339 /* AppDelegate.swift in Sources */,
				7CF54DE926B128F4006DB339 /* UsersListWebService.swift in Sources */,
				7CF54DE426B12618006DB339 /* User.swift in Sources */,
				7CF54D9726B07130006DB339 /* SceneDelegate.swift in Sources */,
			);
			runOnlyForDeploymentPostprocessing = 0;
		};
		7CF54DA326B07134006DB339 /* Sources */ = {
			isa = PBXSourcesBuildPhase;
			buildActionMask = 2147483647;
			files = (
				7CD3674A26B18743007DDCE6 /* UserTests.swift in Sources */,
				7CFDC5A926B149D20059989A /* UsersListRequestTests.swift in Sources */,
				7CF54DAC26B07134006DB339 /* CartrackTests.swift in Sources */,
				7CFDC59C26B132E00059989A /* NetworkSessionMock.swift in Sources */,
			);
			runOnlyForDeploymentPostprocessing = 0;
		};
		7CF54DAE26B07134006DB339 /* Sources */ = {
			isa = PBXSourcesBuildPhase;
			buildActionMask = 2147483647;
			files = (
				7CF54DB726B07134006DB339 /* CartrackUITests.swift in Sources */,
			);
			runOnlyForDeploymentPostprocessing = 0;
		};
/* End PBXSourcesBuildPhase section */

/* Begin PBXTargetDependency section */
		7CF54DA926B07134006DB339 /* PBXTargetDependency */ = {
			isa = PBXTargetDependency;
			target = 7CF54D9026B07130006DB339 /* Cartrack */;
			targetProxy = 7CF54DA826B07134006DB339 /* PBXContainerItemProxy */;
		};
		7CF54DB426B07134006DB339 /* PBXTargetDependency */ = {
			isa = PBXTargetDependency;
			target = 7CF54D9026B07130006DB339 /* Cartrack */;
			targetProxy = 7CF54DB326B07134006DB339 /* PBXContainerItemProxy */;
		};
/* End PBXTargetDependency section */

/* Begin PBXVariantGroup section */
		7CF54D9A26B07130006DB339 /* Main.storyboard */ = {
			isa = PBXVariantGroup;
			children = (
				7CF54D9B26B07130006DB339 /* Base */,
			);
			name = Main.storyboard;
			sourceTree = "<group>";
		};
		7CF54D9F26B07133006DB339 /* LaunchScreen.storyboard */ = {
			isa = PBXVariantGroup;
			children = (
				7CF54DA026B07133006DB339 /* Base */,
			);
			name = LaunchScreen.storyboard;
			sourceTree = "<group>";
		};
/* End PBXVariantGroup section */

/* Begin XCBuildConfiguration section */
		7CF54DB926B07134006DB339 /* Debug */ = {
			isa = XCBuildConfiguration;
			buildSettings = {
				ALWAYS_SEARCH_USER_PATHS = NO;
				CLANG_ANALYZER_NONNULL = YES;
				CLANG_ANALYZER_NUMBER_OBJECT_CONVERSION = YES_AGGRESSIVE;
				CLANG_CXX_LANGUAGE_STANDARD = "gnu++14";
				CLANG_CXX_LIBRARY = "libc++";
				CLANG_ENABLE_MODULES = YES;
				CLANG_ENABLE_OBJC_ARC = YES;
				CLANG_ENABLE_OBJC_WEAK = YES;
				CLANG_WARN_BLOCK_CAPTURE_AUTORELEASING = YES;
				CLANG_WARN_BOOL_CONVERSION = YES;
				CLANG_WARN_COMMA = YES;
				CLANG_WARN_CONSTANT_CONVERSION = YES;
				CLANG_WARN_DEPRECATED_OBJC_IMPLEMENTATIONS = YES;
				CLANG_WARN_DIRECT_OBJC_ISA_USAGE = YES_ERROR;
				CLANG_WARN_DOCUMENTATION_COMMENTS = YES;
				CLANG_WARN_EMPTY_BODY = YES;
				CLANG_WARN_ENUM_CONVERSION = YES;
				CLANG_WARN_INFINITE_RECURSION = YES;
				CLANG_WARN_INT_CONVERSION = YES;
				CLANG_WARN_NON_LITERAL_NULL_CONVERSION = YES;
				CLANG_WARN_OBJC_IMPLICIT_RETAIN_SELF = YES;
				CLANG_WARN_OBJC_LITERAL_CONVERSION = YES;
				CLANG_WARN_OBJC_ROOT_CLASS = YES_ERROR;
				CLANG_WARN_QUOTED_INCLUDE_IN_FRAMEWORK_HEADER = YES;
				CLANG_WARN_RANGE_LOOP_ANALYSIS = YES;
				CLANG_WARN_STRICT_PROTOTYPES = YES;
				CLANG_WARN_SUSPICIOUS_MOVE = YES;
				CLANG_WARN_UNGUARDED_AVAILABILITY = YES_AGGRESSIVE;
				CLANG_WARN_UNREACHABLE_CODE = YES;
				CLANG_WARN__DUPLICATE_METHOD_MATCH = YES;
				COPY_PHASE_STRIP = NO;
				DEBUG_INFORMATION_FORMAT = dwarf;
				ENABLE_STRICT_OBJC_MSGSEND = YES;
				ENABLE_TESTABILITY = YES;
				GCC_C_LANGUAGE_STANDARD = gnu11;
				GCC_DYNAMIC_NO_PIC = NO;
				GCC_NO_COMMON_BLOCKS = YES;
				GCC_OPTIMIZATION_LEVEL = 0;
				GCC_PREPROCESSOR_DEFINITIONS = (
					"DEBUG=1",
					"$(inherited)",
				);
				GCC_WARN_64_TO_32_BIT_CONVERSION = YES;
				GCC_WARN_ABOUT_RETURN_TYPE = YES_ERROR;
				GCC_WARN_UNDECLARED_SELECTOR = YES;
				GCC_WARN_UNINITIALIZED_AUTOS = YES_AGGRESSIVE;
				GCC_WARN_UNUSED_FUNCTION = YES;
				GCC_WARN_UNUSED_VARIABLE = YES;
				IPHONEOS_DEPLOYMENT_TARGET = 14.4;
				MTL_ENABLE_DEBUG_INFO = INCLUDE_SOURCE;
				MTL_FAST_MATH = YES;
				ONLY_ACTIVE_ARCH = YES;
				SDKROOT = iphoneos;
				SWIFT_ACTIVE_COMPILATION_CONDITIONS = DEBUG;
				SWIFT_OPTIMIZATION_LEVEL = "-Onone";
			};
			name = Debug;
		};
		7CF54DBA26B07134006DB339 /* Release */ = {
			isa = XCBuildConfiguration;
			buildSettings = {
				ALWAYS_SEARCH_USER_PATHS = NO;
				CLANG_ANALYZER_NONNULL = YES;
				CLANG_ANALYZER_NUMBER_OBJECT_CONVERSION = YES_AGGRESSIVE;
				CLANG_CXX_LANGUAGE_STANDARD = "gnu++14";
				CLANG_CXX_LIBRARY = "libc++";
				CLANG_ENABLE_MODULES = YES;
				CLANG_ENABLE_OBJC_ARC = YES;
				CLANG_ENABLE_OBJC_WEAK = YES;
				CLANG_WARN_BLOCK_CAPTURE_AUTORELEASING = YES;
				CLANG_WARN_BOOL_CONVERSION = YES;
				CLANG_WARN_COMMA = YES;
				CLANG_WARN_CONSTANT_CONVERSION = YES;
				CLANG_WARN_DEPRECATED_OBJC_IMPLEMENTATIONS = YES;
				CLANG_WARN_DIRECT_OBJC_ISA_USAGE = YES_ERROR;
				CLANG_WARN_DOCUMENTATION_COMMENTS = YES;
				CLANG_WARN_EMPTY_BODY = YES;
				CLANG_WARN_ENUM_CONVERSION = YES;
				CLANG_WARN_INFINITE_RECURSION = YES;
				CLANG_WARN_INT_CONVERSION = YES;
				CLANG_WARN_NON_LITERAL_NULL_CONVERSION = YES;
				CLANG_WARN_OBJC_IMPLICIT_RETAIN_SELF = YES;
				CLANG_WARN_OBJC_LITERAL_CONVERSION = YES;
				CLANG_WARN_OBJC_ROOT_CLASS = YES_ERROR;
				CLANG_WARN_QUOTED_INCLUDE_IN_FRAMEWORK_HEADER = YES;
				CLANG_WARN_RANGE_LOOP_ANALYSIS = YES;
				CLANG_WARN_STRICT_PROTOTYPES = YES;
				CLANG_WARN_SUSPICIOUS_MOVE = YES;
				CLANG_WARN_UNGUARDED_AVAILABILITY = YES_AGGRESSIVE;
				CLANG_WARN_UNREACHABLE_CODE = YES;
				CLANG_WARN__DUPLICATE_METHOD_MATCH = YES;
				COPY_PHASE_STRIP = NO;
				DEBUG_INFORMATION_FORMAT = "dwarf-with-dsym";
				ENABLE_NS_ASSERTIONS = NO;
				ENABLE_STRICT_OBJC_MSGSEND = YES;
				GCC_C_LANGUAGE_STANDARD = gnu11;
				GCC_NO_COMMON_BLOCKS = YES;
				GCC_WARN_64_TO_32_BIT_CONVERSION = YES;
				GCC_WARN_ABOUT_RETURN_TYPE = YES_ERROR;
				GCC_WARN_UNDECLARED_SELECTOR = YES;
				GCC_WARN_UNINITIALIZED_AUTOS = YES_AGGRESSIVE;
				GCC_WARN_UNUSED_FUNCTION = YES;
				GCC_WARN_UNUSED_VARIABLE = YES;
				IPHONEOS_DEPLOYMENT_TARGET = 14.4;
				MTL_ENABLE_DEBUG_INFO = NO;
				MTL_FAST_MATH = YES;
				SDKROOT = iphoneos;
				SWIFT_COMPILATION_MODE = wholemodule;
				SWIFT_OPTIMIZATION_LEVEL = "-O";
				VALIDATE_PRODUCT = YES;
			};
			name = Release;
		};
		7CF54DBC26B07134006DB339 /* Debug */ = {
			isa = XCBuildConfiguration;
			buildSettings = {
				ASSETCATALOG_COMPILER_APPICON_NAME = AppIcon;
				ASSETCATALOG_COMPILER_GLOBAL_ACCENT_COLOR_NAME = AccentColor;
				CODE_SIGN_STYLE = Automatic;
				INFOPLIST_FILE = Cartrack/Info.plist;
				LD_RUNPATH_SEARCH_PATHS = (
					"$(inherited)",
					"@executable_path/Frameworks",
				);
				PRODUCT_BUNDLE_IDENTIFIER = com.pranay.Cartrack;
				PRODUCT_NAME = "$(TARGET_NAME)";
				SWIFT_VERSION = 5.0;
				TARGETED_DEVICE_FAMILY = "1,2";
			};
			name = Debug;
		};
		7CF54DBD26B07134006DB339 /* Release */ = {
			isa = XCBuildConfiguration;
			buildSettings = {
				ASSETCATALOG_COMPILER_APPICON_NAME = AppIcon;
				ASSETCATALOG_COMPILER_GLOBAL_ACCENT_COLOR_NAME = AccentColor;
				CODE_SIGN_STYLE = Automatic;
				INFOPLIST_FILE = Cartrack/Info.plist;
				LD_RUNPATH_SEARCH_PATHS = (
					"$(inherited)",
					"@executable_path/Frameworks",
				);
				PRODUCT_BUNDLE_IDENTIFIER = com.pranay.Cartrack;
				PRODUCT_NAME = "$(TARGET_NAME)";
				SWIFT_VERSION = 5.0;
				TARGETED_DEVICE_FAMILY = "1,2";
			};
			name = Release;
		};
		7CF54DBF26B07134006DB339 /* Debug */ = {
			isa = XCBuildConfiguration;
			buildSettings = {
				ALWAYS_EMBED_SWIFT_STANDARD_LIBRARIES = YES;
				BUNDLE_LOADER = "$(TEST_HOST)";
				CODE_SIGN_STYLE = Automatic;
				INFOPLIST_FILE = CartrackTests/Info.plist;
				IPHONEOS_DEPLOYMENT_TARGET = 14.4;
				LD_RUNPATH_SEARCH_PATHS = (
					"$(inherited)",
					"@executable_path/Frameworks",
					"@loader_path/Frameworks",
				);
				PRODUCT_BUNDLE_IDENTIFIER = com.pranay.CartrackTests;
				PRODUCT_NAME = "$(TARGET_NAME)";
				SWIFT_VERSION = 5.0;
				TARGETED_DEVICE_FAMILY = "1,2";
				TEST_HOST = "$(BUILT_PRODUCTS_DIR)/Cartrack.app/Cartrack";
			};
			name = Debug;
		};
		7CF54DC026B07134006DB339 /* Release */ = {
			isa = XCBuildConfiguration;
			buildSettings = {
				ALWAYS_EMBED_SWIFT_STANDARD_LIBRARIES = YES;
				BUNDLE_LOADER = "$(TEST_HOST)";
				CODE_SIGN_STYLE = Automatic;
				INFOPLIST_FILE = CartrackTests/Info.plist;
				IPHONEOS_DEPLOYMENT_TARGET = 14.4;
				LD_RUNPATH_SEARCH_PATHS = (
					"$(inherited)",
					"@executable_path/Frameworks",
					"@loader_path/Frameworks",
				);
				PRODUCT_BUNDLE_IDENTIFIER = com.pranay.CartrackTests;
				PRODUCT_NAME = "$(TARGET_NAME)";
				SWIFT_VERSION = 5.0;
				TARGETED_DEVICE_FAMILY = "1,2";
				TEST_HOST = "$(BUILT_PRODUCTS_DIR)/Cartrack.app/Cartrack";
			};
			name = Release;
		};
		7CF54DC226B07134006DB339 /* Debug */ = {
			isa = XCBuildConfiguration;
			buildSettings = {
				ALWAYS_EMBED_SWIFT_STANDARD_LIBRARIES = YES;
				CODE_SIGN_STYLE = Automatic;
				INFOPLIST_FILE = CartrackUITests/Info.plist;
				LD_RUNPATH_SEARCH_PATHS = (
					"$(inherited)",
					"@executable_path/Frameworks",
					"@loader_path/Frameworks",
				);
				PRODUCT_BUNDLE_IDENTIFIER = com.pranay.CartrackUITests;
				PRODUCT_NAME = "$(TARGET_NAME)";
				SWIFT_VERSION = 5.0;
				TARGETED_DEVICE_FAMILY = "1,2";
				TEST_TARGET_NAME = Cartrack;
			};
			name = Debug;
		};
		7CF54DC326B07134006DB339 /* Release */ = {
			isa = XCBuildConfiguration;
			buildSettings = {
				ALWAYS_EMBED_SWIFT_STANDARD_LIBRARIES = YES;
				CODE_SIGN_STYLE = Automatic;
				INFOPLIST_FILE = CartrackUITests/Info.plist;
				LD_RUNPATH_SEARCH_PATHS = (
					"$(inherited)",
					"@executable_path/Frameworks",
					"@loader_path/Frameworks",
				);
				PRODUCT_BUNDLE_IDENTIFIER = com.pranay.CartrackUITests;
				PRODUCT_NAME = "$(TARGET_NAME)";
				SWIFT_VERSION = 5.0;
				TARGETED_DEVICE_FAMILY = "1,2";
				TEST_TARGET_NAME = Cartrack;
			};
			name = Release;
		};
/* End XCBuildConfiguration section */

/* Begin XCConfigurationList section */
		7CF54D8C26B07130006DB339 /* Build configuration list for PBXProject "Cartrack" */ = {
			isa = XCConfigurationList;
			buildConfigurations = (
				7CF54DB926B07134006DB339 /* Debug */,
				7CF54DBA26B07134006DB339 /* Release */,
			);
			defaultConfigurationIsVisible = 0;
			defaultConfigurationName = Release;
		};
		7CF54DBB26B07134006DB339 /* Build configuration list for PBXNativeTarget "Cartrack" */ = {
			isa = XCConfigurationList;
			buildConfigurations = (
				7CF54DBC26B07134006DB339 /* Debug */,
				7CF54DBD26B07134006DB339 /* Release */,
			);
			defaultConfigurationIsVisible = 0;
			defaultConfigurationName = Release;
		};
		7CF54DBE26B07134006DB339 /* Build configuration list for PBXNativeTarget "CartrackTests" */ = {
			isa = XCConfigurationList;
			buildConfigurations = (
				7CF54DBF26B07134006DB339 /* Debug */,
				7CF54DC026B07134006DB339 /* Release */,
			);
			defaultConfigurationIsVisible = 0;
			defaultConfigurationName = Release;
		};
		7CF54DC126B07134006DB339 /* Build configuration list for PBXNativeTarget "CartrackUITests" */ = {
			isa = XCConfigurationList;
			buildConfigurations = (
				7CF54DC226B07134006DB339 /* Debug */,
				7CF54DC326B07134006DB339 /* Release */,
			);
			defaultConfigurationIsVisible = 0;
			defaultConfigurationName = Release;
		};
/* End XCConfigurationList section */
	};
	rootObject = 7CF54D8926B07130006DB339 /* Project object */;
}
